
Microsoft Visual Studio Solution File, Format Version 12.00
# Visual Studio Version 17
VisualStudioVersion = 17.12.35527.113
MinimumVisualStudioVersion = 10.0.40219.1
Project("{2150E333-8FDC-42A3-9474-1A3956D46DE8}") = "package", "package", "{56F58A07-A876-49DC-B236-1A6288ECA3C5}"
	ProjectSection(SolutionItems) = preProject
		..\.gitignore = ..\.gitignore
		..\scripts\build.ps1 = ..\scripts\build.ps1
		..\.github\workflows\CI.yml = ..\.github\workflows\CI.yml
		Directory.Build.props = Directory.Build.props
		..\build\Project.Common.props = ..\build\Project.Common.props
		..\README.md = ..\README.md
		..\build\SourceLink.props = ..\build\SourceLink.props
		..\build\Tests.Common.props = ..\build\Tests.Common.props
	EndProjectSection
EndProject
Project("{2150E333-8FDC-42A3-9474-1A3956D46DE8}") = "src", "src", "{9CC08BA8-DC0E-4755-9BDB-17679E5BF351}"
EndProject
Project("{2150E333-8FDC-42A3-9474-1A3956D46DE8}") = "tests", "tests", "{3AF3EB7B-D5BD-47D6-94FF-5979C2619AFB}"
EndProject
Project("{FAE04EC0-301F-11D3-BF4B-00C04F79EFBC}") = "S4u.Analyzers.Tests", "..\tests\S4u.Analyzers.Tests\S4u.Analyzers.Tests.csproj", "{89447DD5-82D6-4B64-8E52-8C9B84B2EBEC}"
EndProject
Project("{FAE04EC0-301F-11D3-BF4B-00C04F79EFBC}") = "S4u.Analyzers", "S4u.Analyzers\S4u.Analyzers.csproj", "{58B59297-E091-4EB8-A55C-7A9E2DDAF60E}"
EndProject
Project("{FAE04EC0-301F-11D3-BF4B-00C04F79EFBC}") = "S4u.Analyzers.Sample", "S4u.Analyzers.Sample\S4u.Analyzers.Sample.csproj", "{9D501904-FBF0-4B33-BFFE-C520F68175D0}"
EndProject
Global
	GlobalSection(SolutionConfigurationPlatforms) = preSolution
		Debug|Any CPU = Debug|Any CPU
		Debug|x64 = Debug|x64
		Debug|x86 = Debug|x86
		Release|Any CPU = Release|Any CPU
		Release|x64 = Release|x64
		Release|x86 = Release|x86
	EndGlobalSection
	GlobalSection(ProjectConfigurationPlatforms) = postSolution
		{89447DD5-82D6-4B64-8E52-8C9B84B2EBEC}.Debug|Any CPU.ActiveCfg = Debug|Any CPU
		{89447DD5-82D6-4B64-8E52-8C9B84B2EBEC}.Debug|Any CPU.Build.0 = Debug|Any CPU
		{89447DD5-82D6-4B64-8E52-8C9B84B2EBEC}.Debug|x64.ActiveCfg = Debug|Any CPU
		{89447DD5-82D6-4B64-8E52-8C9B84B2EBEC}.Debug|x64.Build.0 = Debug|Any CPU
		{89447DD5-82D6-4B64-8E52-8C9B84B2EBEC}.Debug|x86.ActiveCfg = Debug|Any CPU
		{89447DD5-82D6-4B64-8E52-8C9B84B2EBEC}.Debug|x86.Build.0 = Debug|Any CPU
		{89447DD5-82D6-4B64-8E52-8C9B84B2EBEC}.Release|Any CPU.ActiveCfg = Release|Any CPU
		{89447DD5-82D6-4B64-8E52-8C9B84B2EBEC}.Release|Any CPU.Build.0 = Release|Any CPU
		{89447DD5-82D6-4B64-8E52-8C9B84B2EBEC}.Release|x64.ActiveCfg = Release|Any CPU
		{89447DD5-82D6-4B64-8E52-8C9B84B2EBEC}.Release|x64.Build.0 = Release|Any CPU
		{89447DD5-82D6-4B64-8E52-8C9B84B2EBEC}.Release|x86.ActiveCfg = Release|Any CPU
		{89447DD5-82D6-4B64-8E52-8C9B84B2EBEC}.Release|x86.Build.0 = Release|Any CPU
		{58B59297-E091-4EB8-A55C-7A9E2DDAF60E}.Debug|Any CPU.ActiveCfg = Debug|Any CPU
		{58B59297-E091-4EB8-A55C-7A9E2DDAF60E}.Debug|Any CPU.Build.0 = Debug|Any CPU
		{58B59297-E091-4EB8-A55C-7A9E2DDAF60E}.Debug|x64.ActiveCfg = Debug|Any CPU
		{58B59297-E091-4EB8-A55C-7A9E2DDAF60E}.Debug|x64.Build.0 = Debug|Any CPU
		{58B59297-E091-4EB8-A55C-7A9E2DDAF60E}.Debug|x86.ActiveCfg = Debug|Any CPU
		{58B59297-E091-4EB8-A55C-7A9E2DDAF60E}.Debug|x86.Build.0 = Debug|Any CPU
		{58B59297-E091-4EB8-A55C-7A9E2DDAF60E}.Release|Any CPU.ActiveCfg = Release|Any CPU
		{58B59297-E091-4EB8-A55C-7A9E2DDAF60E}.Release|Any CPU.Build.0 = Release|Any CPU
		{58B59297-E091-4EB8-A55C-7A9E2DDAF60E}.Release|x64.ActiveCfg = Release|Any CPU
		{58B59297-E091-4EB8-A55C-7A9E2DDAF60E}.Release|x64.Build.0 = Release|Any CPU
		{58B59297-E091-4EB8-A55C-7A9E2DDAF60E}.Release|x86.ActiveCfg = Release|Any CPU
		{58B59297-E091-4EB8-A55C-7A9E2DDAF60E}.Release|x86.Build.0 = Release|Any CPU
		{9D501904-FBF0-4B33-BFFE-C520F68175D0}.Debug|Any CPU.ActiveCfg = Debug|Any CPU
		{9D501904-FBF0-4B33-BFFE-C520F68175D0}.Debug|Any CPU.Build.0 = Debug|Any CPU
		{9D501904-FBF0-4B33-BFFE-C520F68175D0}.Debug|x64.ActiveCfg = Debug|Any CPU
		{9D501904-FBF0-4B33-BFFE-C520F68175D0}.Debug|x64.Build.0 = Debug|Any CPU
		{9D501904-FBF0-4B33-BFFE-C520F68175D0}.Debug|x86.ActiveCfg = Debug|Any CPU
		{9D501904-FBF0-4B33-BFFE-C520F68175D0}.Debug|x86.Build.0 = Debug|Any CPU
		{9D501904-FBF0-4B33-BFFE-C520F68175D0}.Release|Any CPU.ActiveCfg = Release|Any CPU
		{9D501904-FBF0-4B33-BFFE-C520F68175D0}.Release|Any CPU.Build.0 = Release|Any CPU
		{9D501904-FBF0-4B33-BFFE-C520F68175D0}.Release|x64.ActiveCfg = Release|Any CPU
		{9D501904-FBF0-4B33-BFFE-C520F68175D0}.Release|x64.Build.0 = Release|Any CPU
		{9D501904-FBF0-4B33-BFFE-C520F68175D0}.Release|x86.ActiveCfg = Release|Any CPU
		{9D501904-FBF0-4B33-BFFE-C520F68175D0}.Release|x86.Build.0 = Release|Any CPU
	EndGlobalSection
	GlobalSection(SolutionProperties) = preSolution
		HideSolutionNode = FALSE
	EndGlobalSection
	GlobalSection(NestedProjects) = preSolution
		{89447DD5-82D6-4B64-8E52-8C9B84B2EBEC} = {3AF3EB7B-D5BD-47D6-94FF-5979C2619AFB}
		{58B59297-E091-4EB8-A55C-7A9E2DDAF60E} = {9CC08BA8-DC0E-4755-9BDB-17679E5BF351}
		{9D501904-FBF0-4B33-BFFE-C520F68175D0} = {9CC08BA8-DC0E-4755-9BDB-17679E5BF351}
	EndGlobalSection
	GlobalSection(ExtensibilityGlobals) = postSolution
		SolutionGuid = {8B59E246-DB1F-4A94-8661-5B6DDC1E564D}
	EndGlobalSection
EndGlobal
